
Microsoft Visual Studio Solution File, Format Version 12.00
# Visual Studio Version 17
VisualStudioVersion = 17.4.33213.308
MinimumVisualStudioVersion = 10.0.40219.1
Project("{2150E333-8FDC-42A3-9474-1A3956D46DE8}") = "Data", "Data", "{AAE60510-7D66-459D-85A5-3737498FF54B}"
EndProject
Project("{2150E333-8FDC-42A3-9474-1A3956D46DE8}") = "Common", "Common", "{AD2F4394-80FF-474C-80A6-8993613B18D6}"
EndProject
Project("{2150E333-8FDC-42A3-9474-1A3956D46DE8}") = "Services", "Services", "{ECBF6A17-99EE-4B4A-B2E6-7E8709210043}"
EndProject
Project("{2150E333-8FDC-42A3-9474-1A3956D46DE8}") = "UI", "UI", "{6CBF18F8-0DBC-440F-9424-B52D86DBCACF}"
EndProject
Project("{2150E333-8FDC-42A3-9474-1A3956D46DE8}") = "Tests", "Tests", "{444DF10F-12D4-4C5C-ABB4-790D4CE62009}"
EndProject
Project("{9A19103F-16F7-4668-BE54-9A1E7A4F7556}") = "AntroStop.DAL", "Data\AntroStop.DAL\AntroStop.DAL.csproj", "{B61504E7-5A51-44CC-AABD-D57EED2A9A9C}"
EndProject
Project("{9A19103F-16F7-4668-BE54-9A1E7A4F7556}") = "AntroStop.DAL.SqlServer", "Data\AntroStop.DAL.SqlServer\AntroStop.DAL.SqlServer.csproj", "{637FE908-9DC1-455B-965A-0848A9D5FA1B}"
EndProject
Project("{9A19103F-16F7-4668-BE54-9A1E7A4F7556}") = "AntroStop.Interfaces", "Services\AntroStop.Interfaces\AntroStop.Interfaces.csproj", "{FDED35F9-1414-4B27-94C6-F0952222B2FD}"
EndProject
Project("{9A19103F-16F7-4668-BE54-9A1E7A4F7556}") = "AntroStop.Interfaces.Base", "Services\AntroStop.Interfaces.Base\AntroStop.Interfaces.Base.csproj", "{C7645DB9-148C-481B-A219-B3A12D10D45C}"
EndProject
Project("{9A19103F-16F7-4668-BE54-9A1E7A4F7556}") = "AntroStop.WebAPIClients", "Services\AntroStop.WebAPIClients\AntroStop.WebAPIClients.csproj", "{39AE7658-B027-4FA6-AC65-088E2F14AD67}"
EndProject
Project("{9A19103F-16F7-4668-BE54-9A1E7A4F7556}") = "AntroStop.WebAPI", "Services\AntroStop.WebAPI\AntroStop.WebAPI.csproj", "{6BC7E4D0-BD60-47DC-A7A6-F3745CC40D43}"
EndProject
Project("{9A19103F-16F7-4668-BE54-9A1E7A4F7556}") = "AntroStop.Domain", "Common\AntroStop.Domain\AntroStop.Domain.csproj", "{37C92E5A-5FF3-47C6-8F40-8B3A19513513}"
EndProject
Project("{9A19103F-16F7-4668-BE54-9A1E7A4F7556}") = "AntroStop.Domain.Base", "Common\AntroStop.Domain.Base\AntroStop.Domain.Base.csproj", "{41639391-5F69-4E09-8EC2-FC7FA72ADABC}"
EndProject
Project("{9A19103F-16F7-4668-BE54-9A1E7A4F7556}") = "AntroStop.BlazorUI", "UI\AntroStop.BlazorUI\AntroStop.BlazorUI.csproj", "{6ACE3310-8F9D-4C5F-B989-3DAC2093994A}"
EndProject
Project("{FAE04EC0-301F-11D3-BF4B-00C04F79EFBC}") = "AntroStop.Domain.Pagination", "Common\AntroStop.Domain.Pagination\AntroStop.Domain.Pagination.csproj", "{58ACAA58-3689-433C-9747-F69A6FB92165}"
EndProject
Global
	GlobalSection(SolutionConfigurationPlatforms) = preSolution
		Debug|Any CPU = Debug|Any CPU
		Release|Any CPU = Release|Any CPU
	EndGlobalSection
	GlobalSection(ProjectConfigurationPlatforms) = postSolution
		{B61504E7-5A51-44CC-AABD-D57EED2A9A9C}.Debug|Any CPU.ActiveCfg = Debug|Any CPU
		{B61504E7-5A51-44CC-AABD-D57EED2A9A9C}.Debug|Any CPU.Build.0 = Debug|Any CPU
		{B61504E7-5A51-44CC-AABD-D57EED2A9A9C}.Release|Any CPU.ActiveCfg = Release|Any CPU
		{B61504E7-5A51-44CC-AABD-D57EED2A9A9C}.Release|Any CPU.Build.0 = Release|Any CPU
		{637FE908-9DC1-455B-965A-0848A9D5FA1B}.Debug|Any CPU.ActiveCfg = Debug|Any CPU
		{637FE908-9DC1-455B-965A-0848A9D5FA1B}.Debug|Any CPU.Build.0 = Debug|Any CPU
		{637FE908-9DC1-455B-965A-0848A9D5FA1B}.Release|Any CPU.ActiveCfg = Release|Any CPU
		{637FE908-9DC1-455B-965A-0848A9D5FA1B}.Release|Any CPU.Build.0 = Release|Any CPU
		{FDED35F9-1414-4B27-94C6-F0952222B2FD}.Debug|Any CPU.ActiveCfg = Debug|Any CPU
		{FDED35F9-1414-4B27-94C6-F0952222B2FD}.Debug|Any CPU.Build.0 = Debug|Any CPU
		{FDED35F9-1414-4B27-94C6-F0952222B2FD}.Release|Any CPU.ActiveCfg = Release|Any CPU
		{FDED35F9-1414-4B27-94C6-F0952222B2FD}.Release|Any CPU.Build.0 = Release|Any CPU
		{C7645DB9-148C-481B-A219-B3A12D10D45C}.Debug|Any CPU.ActiveCfg = Debug|Any CPU
		{C7645DB9-148C-481B-A219-B3A12D10D45C}.Debug|Any CPU.Build.0 = Debug|Any CPU
		{C7645DB9-148C-481B-A219-B3A12D10D45C}.Release|Any CPU.ActiveCfg = Release|Any CPU
		{C7645DB9-148C-481B-A219-B3A12D10D45C}.Release|Any CPU.Build.0 = Release|Any CPU
		{39AE7658-B027-4FA6-AC65-088E2F14AD67}.Debug|Any CPU.ActiveCfg = Debug|Any CPU
		{39AE7658-B027-4FA6-AC65-088E2F14AD67}.Debug|Any CPU.Build.0 = Debug|Any CPU
		{39AE7658-B027-4FA6-AC65-088E2F14AD67}.Release|Any CPU.ActiveCfg = Release|Any CPU
		{39AE7658-B027-4FA6-AC65-088E2F14AD67}.Release|Any CPU.Build.0 = Release|Any CPU
		{6BC7E4D0-BD60-47DC-A7A6-F3745CC40D43}.Debug|Any CPU.ActiveCfg = Debug|Any CPU
		{6BC7E4D0-BD60-47DC-A7A6-F3745CC40D43}.Debug|Any CPU.Build.0 = Debug|Any CPU
		{6BC7E4D0-BD60-47DC-A7A6-F3745CC40D43}.Release|Any CPU.ActiveCfg = Release|Any CPU
		{6BC7E4D0-BD60-47DC-A7A6-F3745CC40D43}.Release|Any CPU.Build.0 = Release|Any CPU
		{37C92E5A-5FF3-47C6-8F40-8B3A19513513}.Debug|Any CPU.ActiveCfg = Debug|Any CPU
		{37C92E5A-5FF3-47C6-8F40-8B3A19513513}.Debug|Any CPU.Build.0 = Debug|Any CPU
		{37C92E5A-5FF3-47C6-8F40-8B3A19513513}.Release|Any CPU.ActiveCfg = Release|Any CPU
		{37C92E5A-5FF3-47C6-8F40-8B3A19513513}.Release|Any CPU.Build.0 = Release|Any CPU
		{41639391-5F69-4E09-8EC2-FC7FA72ADABC}.Debug|Any CPU.ActiveCfg = Debug|Any CPU
		{41639391-5F69-4E09-8EC2-FC7FA72ADABC}.Debug|Any CPU.Build.0 = Debug|Any CPU
		{41639391-5F69-4E09-8EC2-FC7FA72ADABC}.Release|Any CPU.ActiveCfg = Release|Any CPU
		{41639391-5F69-4E09-8EC2-FC7FA72ADABC}.Release|Any CPU.Build.0 = Release|Any CPU
		{6ACE3310-8F9D-4C5F-B989-3DAC2093994A}.Debug|Any CPU.ActiveCfg = Debug|Any CPU
		{6ACE3310-8F9D-4C5F-B989-3DAC2093994A}.Debug|Any CPU.Build.0 = Debug|Any CPU
		{6ACE3310-8F9D-4C5F-B989-3DAC2093994A}.Release|Any CPU.ActiveCfg = Release|Any CPU
		{6ACE3310-8F9D-4C5F-B989-3DAC2093994A}.Release|Any CPU.Build.0 = Release|Any CPU
		{58ACAA58-3689-433C-9747-F69A6FB92165}.Debug|Any CPU.ActiveCfg = Debug|Any CPU
		{58ACAA58-3689-433C-9747-F69A6FB92165}.Debug|Any CPU.Build.0 = Debug|Any CPU
		{58ACAA58-3689-433C-9747-F69A6FB92165}.Release|Any CPU.ActiveCfg = Release|Any CPU
		{58ACAA58-3689-433C-9747-F69A6FB92165}.Release|Any CPU.Build.0 = Release|Any CPU
	EndGlobalSection
	GlobalSection(SolutionProperties) = preSolution
		HideSolutionNode = FALSE
	EndGlobalSection
	GlobalSection(NestedProjects) = preSolution
		{B61504E7-5A51-44CC-AABD-D57EED2A9A9C} = {AAE60510-7D66-459D-85A5-3737498FF54B}
		{637FE908-9DC1-455B-965A-0848A9D5FA1B} = {AAE60510-7D66-459D-85A5-3737498FF54B}
		{FDED35F9-1414-4B27-94C6-F0952222B2FD} = {ECBF6A17-99EE-4B4A-B2E6-7E8709210043}
		{C7645DB9-148C-481B-A219-B3A12D10D45C} = {ECBF6A17-99EE-4B4A-B2E6-7E8709210043}
		{39AE7658-B027-4FA6-AC65-088E2F14AD67} = {ECBF6A17-99EE-4B4A-B2E6-7E8709210043}
		{6BC7E4D0-BD60-47DC-A7A6-F3745CC40D43} = {ECBF6A17-99EE-4B4A-B2E6-7E8709210043}
		{37C92E5A-5FF3-47C6-8F40-8B3A19513513} = {AD2F4394-80FF-474C-80A6-8993613B18D6}
		{41639391-5F69-4E09-8EC2-FC7FA72ADABC} = {AD2F4394-80FF-474C-80A6-8993613B18D6}
		{6ACE3310-8F9D-4C5F-B989-3DAC2093994A} = {6CBF18F8-0DBC-440F-9424-B52D86DBCACF}
		{58ACAA58-3689-433C-9747-F69A6FB92165} = {AD2F4394-80FF-474C-80A6-8993613B18D6}
	EndGlobalSection
	GlobalSection(ExtensibilityGlobals) = postSolution
		SolutionGuid = {61F7FB11-1E47-470C-91E2-47F8143E1572}
	EndGlobalSection
EndGlobal
